{
  "name": "razorrecover-ai",
  "version": "0.1.0",
  "lockfileVersion": 3,
  "requires": true,
  "packages": {
    "": {
      "name": "razorrecover-ai",
      "version": "0.1.0",
      "dependencies": {
        "@prisma/client": "^6.0.0",
        "bcryptjs": "^2.4.3",
        "jose": "^6.0.11",
        "next": "^15.5.0",
        "react": "^19.1.0",
        "react-dom": "^19.1.0",
        "zod": "^3.24.1"
      },
      "devDependencies": {
        "@types/bcryptjs": "^2.4.6",
        "@types/node": "^22.10.2",
        "@types/react": "^19.0.6",
        "@types/react-dom": "^19.0.2",
        "eslint": "^9.17.0",
        "eslint-config-next": "^15.5.0",
        "prettier": "^3.4.2",
        "prisma": "^6.0.0",
        "tsx": "^4.19.2",
        "typescript": "^5.7.2",
        "typescript-eslint": "^8.18.0",
        "vitest": "^2.1.8"
      }
    },
    "node_modules/@emnapi/core": {
      "version": "1.11.3",
      "resolved": "https://registry.npmjs.org/@emnapi/core/-/core-1.11.3.tgz",
      "integrity": "sha512-N2viqD0kEMmVqvqeOKRlhQJk2JxcW31OLbQJRK1e7ov5cXvVZjwk6d3XlwJuNyRoT6cI9Q3l5gYL1QF9lrTTEw==",
      "dev": true,
      "license": "MIT",
      "optional": true,
      "dependencies": {
        "@emnapi/runtime": "^1.11.3"
      },
      "engines": {
        "node": ">=18"
      }
    },
    "node_modules/@emnapi/runtime": {
      "version": "1.11.3",
      "resolved": "https://registry.npmjs.org/@emnapi/runtime/-/runtime-1.11.3.tgz",
      "integrity": "sha512-w7Q6MJbNsHt42+n7cCHm8p9qCuF0Cr3HsXR8KJHKZKCNGqJlHMtN0C4KQfuKdQaOLsqwYGqRAoiFLKb+r5wkPQ==",
      "dev": true,
      "license": "MIT",
      "optional": true
    }
  }
}
